
Microsoft Visual Studio Solution File, Format Version 12.00
# Visual Studio 15
VisualStudioVersion = 15.0.27428.2027
MinimumVisualStudioVersion = 10.0.40219.1
Project("{FAE04EC0-301F-11D3-BF4B-00C04F79EFBC}") = "SpeedCubeTimer", "SpeedCubeTimer\SpeedCubeTimer.csproj", "{C82C2B75-5129-4CAF-9423-6C278B8DE59D}"
EndProject
Project("{FAE04EC0-301F-11D3-BF4B-00C04F79EFBC}") = "ConsoleTimer", "ConsoleTimer\ConsoleTimer.csproj", "{25C82C0D-764E-4BFF-9A2F-B99BED405AA3}"
EndProject
Project("{FAE04EC0-301F-11D3-BF4B-00C04F79EFBC}") = "TimerCode", "TimerCode\TimerCode.csproj", "{6814B01E-1408-4627-89FA-008C1C47D1CA}"
EndProject
Global
	GlobalSection(SolutionConfigurationPlatforms) = preSolution
		Debug|Any CPU = Debug|Any CPU
		Release|Any CPU = Release|Any CPU
	EndGlobalSection
	GlobalSection(ProjectConfigurationPlatforms) = postSolution
		{C82C2B75-5129-4CAF-9423-6C278B8DE59D}.Debug|Any CPU.ActiveCfg = Debug|Any CPU
		{C82C2B75-5129-4CAF-9423-6C278B8DE59D}.Debug|Any CPU.Build.0 = Debug|Any CPU
		{C82C2B75-5129-4CAF-9423-6C278B8DE59D}.Release|Any CPU.ActiveCfg = Release|Any CPU
		{C82C2B75-5129-4CAF-9423-6C278B8DE59D}.Release|Any CPU.Build.0 = Release|Any CPU
		{25C82C0D-764E-4BFF-9A2F-B99BED405AA3}.Debug|Any CPU.ActiveCfg = Debug|Any CPU
		{25C82C0D-764E-4BFF-9A2F-B99BED405AA3}.Debug|Any CPU.Build.0 = Debug|Any CPU
		{25C82C0D-764E-4BFF-9A2F-B99BED405AA3}.Release|Any CPU.ActiveCfg = Release|Any CPU
		{25C82C0D-764E-4BFF-9A2F-B99BED405AA3}.Release|Any CPU.Build.0 = Release|Any CPU
		{6814B01E-1408-4627-89FA-008C1C47D1CA}.Debug|Any CPU.ActiveCfg = Debug|Any CPU
		{6814B01E-1408-4627-89FA-008C1C47D1CA}.Debug|Any CPU.Build.0 = Debug|Any CPU
		{6814B01E-1408-4627-89FA-008C1C47D1CA}.Release|Any CPU.ActiveCfg = Release|Any CPU
		{6814B01E-1408-4627-89FA-008C1C47D1CA}.Release|Any CPU.Build.0 = Release|Any CPU
	EndGlobalSection
	GlobalSection(SolutionProperties) = preSolution
		HideSolutionNode = FALSE
	EndGlobalSection
	GlobalSection(ExtensibilityGlobals) = postSolution
		SolutionGuid = {DA96D888-9AC8-4DA2-90C4-D387372A7C9B}
	EndGlobalSection
EndGlobal
